{
  "version": 4,
  "terraform_version": "1.4.2",
  "serial": 13,
  "lineage": "d83034ec-c78a-f70b-3364-78084da1db7c",
  "outputs": {},
  "resources": [
    {
      "mode": "managed",
      "type": "azurerm_resource_group",
      "name": "nwrg",
      "provider": "provider[\"registry.terraform.io/hashicorp/azurerm\"]",
      "instances": [
        {
          "schema_version": 0,
          "attributes": {
            "id": "/subscriptions/2e824d6b-6dc7-41e5-b887-f6a88f67fb61/resourceGroups/RG_Compute",
            "location": "southindia",
            "name": "RG_Compute",
            "tags": {
              "Created By": "Amal.K.Abraham"
            },
            "timeouts": {
              "create": null,
              "delete": null,
              "read": null,
              "update": null
            }
          },
          "sensitive_attributes": [],
          "private": "eyJlMmJmYjczMC1lY2FhLTExZTYtOGY4OC0zNDM2M2JjN2M0YzAiOnsiY3JlYXRlIjo1NDAwMDAwMDAwMDAwLCJkZWxldGUiOjU0MDAwMDAwMDAwMDAsInJlYWQiOjMwMDAwMDAwMDAwMCwidXBkYXRlIjo1NDAwMDAwMDAwMDAwfSwic2NoZW1hX3ZlcnNpb24iOiIwIn0="
        }
      ]
    },
    {
      "mode": "managed",
      "type": "azurerm_resource_group",
      "name": "sh",
      "provider": "provider[\"registry.terraform.io/hashicorp/azurerm\"]",
      "instances": [
        {
          "schema_version": 0,
          "attributes": {
            "id": "/subscriptions/2e824d6b-6dc7-41e5-b887-f6a88f67fb61/resourceGroups/rg-avd-resources",
            "location": "centralindia",
            "name": "rg-avd-resources",
            "tags": {},
            "timeouts": null
          },
          "sensitive_attributes": [],
          "private": "eyJlMmJmYjczMC1lY2FhLTExZTYtOGY4OC0zNDM2M2JjN2M0YzAiOnsiY3JlYXRlIjo1NDAwMDAwMDAwMDAwLCJkZWxldGUiOjU0MDAwMDAwMDAwMDAsInJlYWQiOjMwMDAwMDAwMDAwMCwidXBkYXRlIjo1NDAwMDAwMDAwMDAwfX0="
        }
      ]
    },
    {
      "mode": "managed",
      "type": "azurerm_virtual_desktop_application_group",
      "name": "dag",
      "provider": "provider[\"registry.terraform.io/hashicorp/azurerm\"]",
      "instances": [
        {
          "schema_version": 1,
          "attributes": {
            "default_desktop_display_name": "",
            "description": "AVD application group",
            "friendly_name": "Desktop AppGroup",
            "host_pool_id": "/subscriptions/2e824d6b-6dc7-41e5-b887-f6a88f67fb61/resourceGroups/rg-avd-resources/providers/Microsoft.DesktopVirtualization/hostPools/AVD-TF-HP",
            "id": "/subscriptions/2e824d6b-6dc7-41e5-b887-f6a88f67fb61/resourceGroups/rg-avd-resources/providers/Microsoft.DesktopVirtualization/applicationGroups/avdtf-dag",
            "location": "centralindia",
            "name": "avdtf-dag",
            "resource_group_name": "rg-avd-resources",
            "tags": {},
            "timeouts": null,
            "type": "Desktop"
          },
          "sensitive_attributes": [],
          "private": "eyJlMmJmYjczMC1lY2FhLTExZTYtOGY4OC0zNDM2M2JjN2M0YzAiOnsiY3JlYXRlIjozNjAwMDAwMDAwMDAwLCJkZWxldGUiOjM2MDAwMDAwMDAwMDAsInJlYWQiOjMwMDAwMDAwMDAwMCwidXBkYXRlIjozNjAwMDAwMDAwMDAwfSwic2NoZW1hX3ZlcnNpb24iOiIxIn0=",
          "dependencies": [
            "azurerm_resource_group.sh",
            "azurerm_virtual_desktop_host_pool.hostpool",
            "azurerm_virtual_desktop_workspace.workspace"
          ]
        }
      ]
    },
    {
      "mode": "managed",
      "type": "azurerm_virtual_desktop_host_pool",
      "name": "hostpool",
      "provider": "provider[\"registry.terraform.io/hashicorp/azurerm\"]",
      "instances": [
        {
          "schema_version": 1,
          "attributes": {
            "custom_rdp_properties": "audiocapturemode:i:1;audiomode:i:0;",
            "description": "avdtf Terraform HostPool",
            "friendly_name": "AVD-TF-HP",
            "id": "/subscriptions/2e824d6b-6dc7-41e5-b887-f6a88f67fb61/resourceGroups/rg-avd-resources/providers/Microsoft.DesktopVirtualization/hostPools/AVD-TF-HP",
            "load_balancer_type": "DepthFirst",
            "location": "centralindia",
            "maximum_sessions_allowed": 16,
            "name": "AVD-TF-HP",
            "personal_desktop_assignment_type": "",
            "preferred_app_group_type": "Desktop",
            "registration_info": [],
            "resource_group_name": "rg-avd-resources",
            "start_vm_on_connect": false,
            "tags": {},
            "timeouts": null,
            "type": "Pooled",
            "validate_environment": true
          },
          "sensitive_attributes": [],
          "private": "eyJlMmJmYjczMC1lY2FhLTExZTYtOGY4OC0zNDM2M2JjN2M0YzAiOnsiY3JlYXRlIjozNjAwMDAwMDAwMDAwLCJkZWxldGUiOjM2MDAwMDAwMDAwMDAsInJlYWQiOjMwMDAwMDAwMDAwMCwidXBkYXRlIjozNjAwMDAwMDAwMDAwfSwic2NoZW1hX3ZlcnNpb24iOiIxIn0=",
          "dependencies": [
            "azurerm_resource_group.sh"
          ]
        }
      ]
    },
    {
      "mode": "managed",
      "type": "azurerm_virtual_desktop_host_pool_registration_info",
      "name": "registrationinfo",
      "provider": "provider[\"registry.terraform.io/hashicorp/azurerm\"]",
      "instances": [
        {
          "schema_version": 0,
          "attributes": {
            "expiration_date": "2023-04-04T23:40:52Z",
            "hostpool_id": "/subscriptions/2e824d6b-6dc7-41e5-b887-f6a88f67fb61/resourceGroups/rg-avd-resources/providers/Microsoft.DesktopVirtualization/hostPools/AVD-TF-HP",
            "id": "/subscriptions/2e824d6b-6dc7-41e5-b887-f6a88f67fb61/resourceGroups/rg-avd-resources/providers/Microsoft.DesktopVirtualization/hostPools/AVD-TF-HP/registrationInfo/default",
            "timeouts": null,
            "token": "eyJhbGciOiJSUzI1NiIsImtpZCI6IjZGRUVBOUNCM0ZERDQ1RTVCNkQyN0JGQzgwNzMxRTdFOUI1RDU4RDgiLCJ0eXAiOiJKV1QifQ.eyJSZWdpc3RyYXRpb25JZCI6ImM1OTYyZDAyLTM2ZTQtNDNiMi1iNDQ2LTc4ZGY1YTkzMjMyZSIsIkJyb2tlclVyaSI6Imh0dHBzOi8vcmRicm9rZXItZy1pbi1yMC53dmQubWljcm9zb2Z0LmNvbS8iLCJEaWFnbm9zdGljc1VyaSI6Imh0dHBzOi8vcmRkaWFnbm9zdGljcy1nLWluLXIwLnd2ZC5taWNyb3NvZnQuY29tLyIsIkVuZHBvaW50UG9vbElkIjoiMGM4Mjk0ODktMDM5ZS00ODkzLWEzYTQtMmY0ZmMwMDIwODE0IiwiR2xvYmFsQnJva2VyVXJpIjoiaHR0cHM6Ly9yZGJyb2tlci53dmQubWljcm9zb2Z0LmNvbS8iLCJHZW9ncmFwaHkiOiJJTiIsIkdsb2JhbEJyb2tlclJlc291cmNlSWRVcmkiOiJodHRwczovLzBjODI5NDg5LTAzOWUtNDg5My1hM2E0LTJmNGZjMDAyMDgxNC5yZGJyb2tlci53dmQubWljcm9zb2Z0LmNvbS8iLCJCcm9rZXJSZXNvdXJjZUlkVXJpIjoiaHR0cHM6Ly8wYzgyOTQ4OS0wMzllLTQ4OTMtYTNhNC0yZjRmYzAwMjA4MTQucmRicm9rZXItZy1pbi1yMC53dmQubWljcm9zb2Z0LmNvbS8iLCJEaWFnbm9zdGljc1Jlc291cmNlSWRVcmkiOiJodHRwczovLzBjODI5NDg5LTAzOWUtNDg5My1hM2E0LTJmNGZjMDAyMDgxNC5yZGRpYWdub3N0aWNzLWctaW4tcjAud3ZkLm1pY3Jvc29mdC5jb20vIiwiQUFEVGVuYW50SWQiOiJjNTQzMWM4NS00ZjE4LTRiOTUtOTU1Yi1lNjgxNGNhZjc5YzMiLCJuYmYiOjE2Nzk2Njg3MDIsImV4cCI6MTY4MDY1MTY1MiwiaXNzIjoiUkRJbmZyYVRva2VuTWFuYWdlciIsImF1ZCI6IlJEbWkifQ.EzFdQkgWTOLNofIMRJroSq_7hyZdZmUx1bs_Q7kQ2IfNLnk9BEB-ayjL148ibFrThlcsxzwf5AHO-6uWqjEhnGnWkfqZbsMEXCQGg1elCK-4RE2pwgKfOsunbTTkGObCcySarFQXZPGqV7fLdFduGhE1ZFPc4oHt-1WiK_GF7ElY_IwYBYPZcI_BJHIfOPfGOdDR-lqhOTZyXu6yq0o_rwVm78ospMCfquQ4aBd5sASvNdDZ8EFrkwW83YKuKbaGmGnPLorsAdL16-RYQmDpgig-qf0mKEOnoPTL2EKfU03gYZEbYodk3GgQLT8jnillOdQRkG28CP2FVA0vh33CuA"
          },
          "sensitive_attributes": [],
          "private": "eyJlMmJmYjczMC1lY2FhLTExZTYtOGY4OC0zNDM2M2JjN2M0YzAiOnsiY3JlYXRlIjoxODAwMDAwMDAwMDAwLCJkZWxldGUiOjE4MDAwMDAwMDAwMDAsInJlYWQiOjMwMDAwMDAwMDAwMCwidXBkYXRlIjoxODAwMDAwMDAwMDAwfX0=",
          "dependencies": [
            "azurerm_resource_group.sh",
            "azurerm_virtual_desktop_host_pool.hostpool"
          ]
        }
      ]
    },
    {
      "mode": "managed",
      "type": "azurerm_virtual_desktop_workspace",
      "name": "workspace",
      "provider": "provider[\"registry.terraform.io/hashicorp/azurerm\"]",
      "instances": [
        {
          "schema_version": 1,
          "attributes": {
            "description": "avdtf Workspace",
            "friendly_name": "avdtf Workspace",
            "id": "/subscriptions/2e824d6b-6dc7-41e5-b887-f6a88f67fb61/resourceGroups/rg-avd-resources/providers/Microsoft.DesktopVirtualization/workspaces/AVD TF Workspace",
            "location": "centralindia",
            "name": "AVD TF Workspace",
            "resource_group_name": "rg-avd-resources",
            "tags": {},
            "timeouts": null
          },
          "sensitive_attributes": [],
          "private": "eyJlMmJmYjczMC1lY2FhLTExZTYtOGY4OC0zNDM2M2JjN2M0YzAiOnsiY3JlYXRlIjozNjAwMDAwMDAwMDAwLCJkZWxldGUiOjM2MDAwMDAwMDAwMDAsInJlYWQiOjMwMDAwMDAwMDAwMCwidXBkYXRlIjozNjAwMDAwMDAwMDAwfSwic2NoZW1hX3ZlcnNpb24iOiIxIn0=",
          "dependencies": [
            "azurerm_resource_group.sh"
          ]
        }
      ]
    },
    {
      "mode": "managed",
      "type": "azurerm_virtual_desktop_workspace_application_group_association",
      "name": "ws-dag",
      "provider": "provider[\"registry.terraform.io/hashicorp/azurerm\"]",
      "instances": [
        {
          "schema_version": 1,
          "attributes": {
            "application_group_id": "/subscriptions/2e824d6b-6dc7-41e5-b887-f6a88f67fb61/resourceGroups/rg-avd-resources/providers/Microsoft.DesktopVirtualization/applicationGroups/avdtf-dag",
            "id": "/subscriptions/2e824d6b-6dc7-41e5-b887-f6a88f67fb61/resourceGroups/rg-avd-resources/providers/Microsoft.DesktopVirtualization/workspaces/AVD TF Workspace|/subscriptions/2e824d6b-6dc7-41e5-b887-f6a88f67fb61/resourceGroups/rg-avd-resources/providers/Microsoft.DesktopVirtualization/applicationGroups/avdtf-dag",
            "timeouts": null,
            "workspace_id": "/subscriptions/2e824d6b-6dc7-41e5-b887-f6a88f67fb61/resourceGroups/rg-avd-resources/providers/Microsoft.DesktopVirtualization/workspaces/AVD TF Workspace"
          },
          "sensitive_attributes": [],
          "private": "eyJlMmJmYjczMC1lY2FhLTExZTYtOGY4OC0zNDM2M2JjN2M0YzAiOnsiY3JlYXRlIjozNjAwMDAwMDAwMDAwLCJkZWxldGUiOjM2MDAwMDAwMDAwMDAsInJlYWQiOjMwMDAwMDAwMDAwMCwidXBkYXRlIjozNjAwMDAwMDAwMDAwfSwic2NoZW1hX3ZlcnNpb24iOiIxIn0=",
          "dependencies": [
            "azurerm_resource_group.sh",
            "azurerm_virtual_desktop_application_group.dag",
            "azurerm_virtual_desktop_host_pool.hostpool",
            "azurerm_virtual_desktop_workspace.workspace"
          ]
        }
      ]
    },
    {
      "mode": "managed",
      "type": "azurerm_virtual_network",
      "name": "nw",
      "provider": "provider[\"registry.terraform.io/hashicorp/azurerm\"]",
      "instances": [
        {
          "schema_version": 0,
          "attributes": {
            "address_space": [
              "10.1.0.0/16"
            ],
            "bgp_community": "",
            "ddos_protection_plan": [],
            "dns_servers": [
              "10.1.0.4",
              "8.8.8.8"
            ],
            "flow_timeout_in_minutes": 0,
            "guid": "882d8ea3-a20e-4b74-9970-1219de69194a",
            "id": "/subscriptions/2e824d6b-6dc7-41e5-b887-f6a88f67fb61/resourceGroups/RG_Compute/providers/Microsoft.Network/virtualNetworks/RG_Compute-vnet",
            "location": "centralindia",
            "name": "RG_Compute-vnet",
            "resource_group_name": "RG_Compute",
            "subnet": [
              {
                "address_prefix": "10.1.0.0/24",
                "id": "/subscriptions/2e824d6b-6dc7-41e5-b887-f6a88f67fb61/resourceGroups/RG_Compute/providers/Microsoft.Network/virtualNetworks/RG_Compute-vnet/subnets/default",
                "name": "default",
                "security_group": ""
              }
            ],
            "tags": {},
            "timeouts": {
              "create": null,
              "delete": null,
              "read": null,
              "update": null
            },
            "vm_protection_enabled": false
          },
          "sensitive_attributes": [],
          "private": "eyJlMmJmYjczMC1lY2FhLTExZTYtOGY4OC0zNDM2M2JjN2M0YzAiOnsiY3JlYXRlIjoxODAwMDAwMDAwMDAwLCJkZWxldGUiOjE4MDAwMDAwMDAwMDAsInJlYWQiOjMwMDAwMDAwMDAwMCwidXBkYXRlIjoxODAwMDAwMDAwMDAwfSwic2NoZW1hX3ZlcnNpb24iOiIwIn0="
        }
      ]
    }
  ],
  "check_results": null
}
